// !$*UTF8*$!
{
	archiveVersion = 1;
	classes = {
	};
	objectVersion = 50;
	objects = {

/* Begin PBXBuildFile section */
		6E1D94E62157BA4300D0FFCC /* Configuration.swift in Sources */ = {isa = PBXBuildFile; fileRef = 6E1D94E52157BA4300D0FFCC /* Configuration.swift */; };
		6E5D2F8021555D59002AF833 /* AppDelegate.swift in Sources */ = {isa = PBXBuildFile; fileRef = 6E5D2F7F21555D59002AF833 /* AppDelegate.swift */; };
		6E5D2F8221555D59002AF833 /* ViewController.swift in Sources */ = {isa = PBXBuildFile; fileRef = 6E5D2F8121555D59002AF833 /* ViewController.swift */; };
		6E5D2F8521555D59002AF833 /* Main.storyboard in Resources */ = {isa = PBXBuildFile; fileRef = 6E5D2F8321555D59002AF833 /* Main.storyboard */; };
		6E5D2F8721555D5B002AF833 /* Assets.xcassets in Resources */ = {isa = PBXBuildFile; fileRef = 6E5D2F8621555D5B002AF833 /* Assets.xcassets */; };
		6E5D2F8A21555D5B002AF833 /* LaunchScreen.storyboard in Resources */ = {isa = PBXBuildFile; fileRef = 6E5D2F8821555D5B002AF833 /* LaunchScreen.storyboard */; };
		6E5D2F9321556625002AF833 /* CircleButton.swift in Sources */ = {isa = PBXBuildFile; fileRef = 6E5D2F9221556625002AF833 /* CircleButton.swift */; };
		6EC7B5F621557B4C00D00E44 /* Gradient.swift in Sources */ = {isa = PBXBuildFile; fileRef = 6EC7B5F521557B4C00D00E44 /* Gradient.swift */; };
		6EC7B5F9215585E400D00E44 /* MenuItem.swift in Sources */ = {isa = PBXBuildFile; fileRef = 6EC7B5F8215585E400D00E44 /* MenuItem.swift */; };
		6ED5ABC2215765740092A488 /* StackMenu.swift in Sources */ = {isa = PBXBuildFile; fileRef = 6ED5ABC1215765740092A488 /* StackMenu.swift */; };
/* End PBXBuildFile section */

/* Begin PBXFileReference section */
		6E1D94E52157BA4300D0FFCC /* Configuration.swift */ = {isa = PBXFileReference; lastKnownFileType = sourcecode.swift; path = Configuration.swift; sourceTree = "<group>"; };
		6E5D2F7C21555D59002AF833 /* PGSMenu.app */ = {isa = PBXFileReference; explicitFileType = wrapper.application; includeInIndex = 0; path = PGSMenu.app; sourceTree = BUILT_PRODUCTS_DIR; };
		6E5D2F7F21555D59002AF833 /* AppDelegate.swift */ = {isa = PBXFileReference; lastKnownFileType = sourcecode.swift; path = AppDelegate.swift; sourceTree = "<group>"; };
		6E5D2F8121555D59002AF833 /* ViewController.swift */ = {isa = PBXFileReference; lastKnownFileType = sourcecode.swift; path = ViewController.swift; sourceTree = "<group>"; };
		6E5D2F8421555D59002AF833 /* Base */ = {isa = PBXFileReference; lastKnownFileType = file.storyboard; name = Base; path = Base.lproj/Main.storyboard; sourceTree = "<group>"; };
		6E5D2F8621555D5B002AF833 /* Assets.xcassets */ = {isa = PBXFileReference; lastKnownFileType = folder.assetcatalog; path = Assets.xcassets; sourceTree = "<group>"; };
		6E5D2F8921555D5B002AF833 /* Base */ = {isa = PBXFileReference; lastKnownFileType = file.storyboard; name = Base; path = Base.lproj/LaunchScreen.storyboard; sourceTree = "<group>"; };
		6E5D2F8B21555D5B002AF833 /* Info.plist */ = {isa = PBXFileReference; lastKnownFileType = text.plist.xml; path = Info.plist; sourceTree = "<group>"; };
		6E5D2F9221556625002AF833 /* CircleButton.swift */ = {isa = PBXFileReference; lastKnownFileType = sourcecode.swift; path = CircleButton.swift; sourceTree = "<group>"; };
		6EC7B5F521557B4C00D00E44 /* Gradient.swift */ = {isa = PBXFileReference; lastKnownFileType = sourcecode.swift; path = Gradient.swift; sourceTree = "<group>"; };
		6EC7B5F8215585E400D00E44 /* MenuItem.swift */ = {isa = PBXFileReference; lastKnownFileType = sourcecode.swift; path = MenuItem.swift; sourceTree = "<group>"; };
		6ED5ABC1215765740092A488 /* StackMenu.swift */ = {isa = PBXFileReference; lastKnownFileType = sourcecode.swift; path = StackMenu.swift; sourceTree = "<group>"; };
/* End PBXFileReference section */

/* Begin PBXFrameworksBuildPhase section */
		6E5D2F7921555D59002AF833 /* Frameworks */ = {
			isa = PBXFrameworksBuildPhase;
			buildActionMask = 2147483647;
			files = (
			);
			runOnlyForDeploymentPostprocessing = 0;
		};
/* End PBXFrameworksBuildPhase section */

/* Begin PBXGroup section */
		6E5D2F7321555D59002AF833 = {
			isa = PBXGroup;
			children = (
				6E5D2F7E21555D59002AF833 /* PGSMenu */,
				6E5D2F7D21555D59002AF833 /* Products */,
			);
			sourceTree = "<group>";
		};
		6E5D2F7D21555D59002AF833 /* Products */ = {
			isa = PBXGroup;
			children = (
				6E5D2F7C21555D59002AF833 /* PGSMenu.app */,
			);
			name = Products;
			sourceTree = "<group>";
		};
		6E5D2F7E21555D59002AF833 /* PGSMenu */ = {
			isa = PBXGroup;
			children = (
				6E5D2F9121555DCF002AF833 /* Library */,
				6E5D2F7F21555D59002AF833 /* AppDelegate.swift */,
				6E5D2F8121555D59002AF833 /* ViewController.swift */,
				6E5D2F8321555D59002AF833 /* Main.storyboard */,
				6E5D2F8621555D5B002AF833 /* Assets.xcassets */,
				6E5D2F8821555D5B002AF833 /* LaunchScreen.storyboard */,
				6E5D2F8B21555D5B002AF833 /* Info.plist */,
			);
			path = PGSMenu;
			sourceTree = "<group>";
		};
		6E5D2F9121555DCF002AF833 /* Library */ = {
			isa = PBXGroup;
			children = (
				6ED5ABC1215765740092A488 /* StackMenu.swift */,
				6EC7B5F8215585E400D00E44 /* MenuItem.swift */,
				6E5D2F9221556625002AF833 /* CircleButton.swift */,
				6EC7B5F521557B4C00D00E44 /* Gradient.swift */,
				6E1D94E52157BA4300D0FFCC /* Configuration.swift */,
			);
			path = Library;
			sourceTree = "<group>";
		};
/* End PBXGroup section */

/* Begin PBXNativeTarget section */
		6E5D2F7B21555D59002AF833 /* PGSMenu */ = {
			isa = PBXNativeTarget;
			buildConfigurationList = 6E5D2F8E21555D5B002AF833 /* Build configuration list for PBXNativeTarget "PGSMenu" */;
			buildPhases = (
				6E5D2F7821555D59002AF833 /* Sources */,
				6E5D2F7921555D59002AF833 /* Frameworks */,
				6E5D2F7A21555D59002AF833 /* Resources */,
				6EC7B5F7215582F300D00E44 /* ShellScript */,
			);
			buildRules = (
			);
			dependencies = (
			);
			name = PGSMenu;
			productName = PGSMenu;
			productReference = 6E5D2F7C21555D59002AF833 /* PGSMenu.app */;
			productType = "com.apple.product-type.application";
		};
/* End PBXNativeTarget section */

/* Begin PBXProject section */
		6E5D2F7421555D59002AF833 /* Project object */ = {
			isa = PBXProject;
			attributes = {
				LastSwiftUpdateCheck = 1000;
				LastUpgradeCheck = 1000;
				ORGANIZATIONNAME = "Pablo Garcia";
				TargetAttributes = {
					6E5D2F7B21555D59002AF833 = {
						CreatedOnToolsVersion = 10.0;
					};
				};
			};
			buildConfigurationList = 6E5D2F7721555D59002AF833 /* Build configuration list for PBXProject "PGSMenu" */;
			compatibilityVersion = "Xcode 9.3";
			developmentRegion = en;
			hasScannedForEncodings = 0;
			knownRegions = (
				en,
				Base,
			);
			mainGroup = 6E5D2F7321555D59002AF833;
			productRefGroup = 6E5D2F7D21555D59002AF833 /* Products */;
			projectDirPath = "";
			projectRoot = "";
			targets = (
				6E5D2F7B21555D59002AF833 /* PGSMenu */,
			);
		};
/* End PBXProject section */

/* Begin PBXResourcesBuildPhase section */
		6E5D2F7A21555D59002AF833 /* Resources */ = {
			isa = PBXResourcesBuildPhase;
			buildActionMask = 2147483647;
			files = (
				6E5D2F8A21555D5B002AF833 /* LaunchScreen.storyboard in Resources */,
				6E5D2F8721555D5B002AF833 /* Assets.xcassets in Resources */,
				6E5D2F8521555D59002AF833 /* Main.storyboard in Resources */,
			);
			runOnlyForDeploymentPostprocessing = 0;
		};
/* End PBXResourcesBuildPhase section */

/* Begin PBXShellScriptBuildPhase section */
		6EC7B5F7215582F300D00E44 /* ShellScript */ = {
			isa = PBXShellScriptBuildPhase;
			buildActionMask = 2147483647;
			files = (
			);
			inputFileListPaths = (
			);
			inputPaths = (
			);
			outputFileListPaths = (
			);
			outputPaths = (
			);
			runOnlyForDeploymentPostprocessing = 0;
			shellPath = /bin/sh;
			shellScript = "if which swiftlint >/dev/null; then\nswiftlint\nelse\necho \"warning: SwiftLint not installed, download from https://github.com/realm/SwiftLint\"\nfi\n";
		};
/* End PBXShellScriptBuildPhase section */

/* Begin PBXSourcesBuildPhase section */
		6E5D2F7821555D59002AF833 /* Sources */ = {
			isa = PBXSourcesBuildPhase;
			buildActionMask = 2147483647;
			files = (
				6EC7B5F9215585E400D00E44 /* MenuItem.swift in Sources */,
				6ED5ABC2215765740092A488 /* StackMenu.swift in Sources */,
				6E1D94E62157BA4300D0FFCC /* Configuration.swift in Sources */,
				6E5D2F9321556625002AF833 /* CircleButton.swift in Sources */,
				6E5D2F8221555D59002AF833 /* ViewController.swift in Sources */,
				6E5D2F8021555D59002AF833 /* AppDelegate.swift in Sources */,
				6EC7B5F621557B4C00D00E44 /* Gradient.swift in Sources */,
			);
			runOnlyForDeploymentPostprocessing = 0;
		};
/* End PBXSourcesBuildPhase section */

/* Begin PBXVariantGroup section */
		6E5D2F8321555D59002AF833 /* Main.storyboard */ = {
			isa = PBXVariantGroup;
			children = (
				6E5D2F8421555D59002AF833 /* Base */,
			);
			name = Main.storyboard;
			sourceTree = "<group>";
		};
		6E5D2F8821555D5B002AF833 /* LaunchScreen.storyboard */ = {
			isa = PBXVariantGroup;
			children = (
				6E5D2F8921555D5B002AF833 /* Base */,
			);
			name = LaunchScreen.storyboard;
			sourceTree = "<group>";
		};
/* End PBXVariantGroup section */

/* Begin XCBuildConfiguration section */
		6E5D2F8C21555D5B002AF833 /* Debug */ = {
			isa = XCBuildConfiguration;
			buildSettings = {
				ALWAYS_SEARCH_USER_PATHS = NO;
				CLANG_ANALYZER_NONNULL = YES;
				CLANG_ANALYZER_NUMBER_OBJECT_CONVERSION = YES_AGGRESSIVE;
				CLANG_CXX_LANGUAGE_STANDARD = "gnu++14";
				CLANG_CXX_LIBRARY = "libc++";
				CLANG_ENABLE_MODULES = YES;
				CLANG_ENABLE_OBJC_ARC = YES;
				CLANG_ENABLE_OBJC_WEAK = YES;
				CLANG_WARN_BLOCK_CAPTURE_AUTORELEASING = YES;
				CLANG_WARN_BOOL_CONVERSION = YES;
				CLANG_WARN_COMMA = YES;
				CLANG_WARN_CONSTANT_CONVERSION = YES;
				CLANG_WARN_DEPRECATED_OBJC_IMPLEMENTATIONS = YES;
				CLANG_WARN_DIRECT_OBJC_ISA_USAGE = YES_ERROR;
				CLANG_WARN_DOCUMENTATION_COMMENTS = YES;
				CLANG_WARN_EMPTY_BODY = YES;
				CLANG_WARN_ENUM_CONVERSION = YES;
				CLANG_WARN_INFINITE_RECURSION = YES;
				CLANG_WARN_INT_CONVERSION = YES;
				CLANG_WARN_NON_LITERAL_NULL_CONVERSION = YES;
				CLANG_WARN_OBJC_IMPLICIT_RETAIN_SELF = YES;
				CLANG_WARN_OBJC_LITERAL_CONVERSION = YES;
				CLANG_WARN_OBJC_ROOT_CLASS = YES_ERROR;
				CLANG_WARN_RANGE_LOOP_ANALYSIS = YES;
				CLANG_WARN_STRICT_PROTOTYPES = YES;
				CLANG_WARN_SUSPICIOUS_MOVE = YES;
				CLANG_WARN_UNGUARDED_AVAILABILITY = YES_AGGRESSIVE;
				CLANG_WARN_UNREACHABLE_CODE = YES;
				CLANG_WARN__DUPLICATE_METHOD_MATCH = YES;
				CODE_SIGN_IDENTITY = "iPhone Developer";
				COPY_PHASE_STRIP = NO;
				DEBUG_INFORMATION_FORMAT = dwarf;
				ENABLE_STRICT_OBJC_MSGSEND = YES;
				ENABLE_TESTABILITY = YES;
				GCC_C_LANGUAGE_STANDARD = gnu11;
				GCC_DYNAMIC_NO_PIC = NO;
				GCC_NO_COMMON_BLOCKS = YES;
				GCC_OPTIMIZATION_LEVEL = 0;
				GCC_PREPROCESSOR_DEFINITIONS = (
					"DEBUG=1",
					"$(inherited)",
				);
				GCC_WARN_64_TO_32_BIT_CONVERSION = YES;
				GCC_WARN_ABOUT_RETURN_TYPE = YES_ERROR;
				GCC_WARN_UNDECLARED_SELECTOR = YES;
				GCC_WARN_UNINITIALIZED_AUTOS = YES_AGGRESSIVE;
				GCC_WARN_UNUSED_FUNCTION = YES;
				GCC_WARN_UNUSED_VARIABLE = YES;
				IPHONEOS_DEPLOYMENT_TARGET = 12.0;
				MTL_ENABLE_DEBUG_INFO = INCLUDE_SOURCE;
				MTL_FAST_MATH = YES;
				ONLY_ACTIVE_ARCH = YES;
				SDKROOT = iphoneos;
				SWIFT_ACTIVE_COMPILATION_CONDITIONS = DEBUG;
				SWIFT_OPTIMIZATION_LEVEL = "-Onone";
			};
			name = Debug;
		};
		6E5D2F8D21555D5B002AF833 /* Release */ = {
			isa = XCBuildConfiguration;
			buildSettings = {
				ALWAYS_SEARCH_USER_PATHS = NO;
				CLANG_ANALYZER_NONNULL = YES;
				CLANG_ANALYZER_NUMBER_OBJECT_CONVERSION = YES_AGGRESSIVE;
				CLANG_CXX_LANGUAGE_STANDARD = "gnu++14";
				CLANG_CXX_LIBRARY = "libc++";
				CLANG_ENABLE_MODULES = YES;
				CLANG_ENABLE_OBJC_ARC = YES;
				CLANG_ENABLE_OBJC_WEAK = YES;
				CLANG_WARN_BLOCK_CAPTURE_AUTORELEASING = YES;
				CLANG_WARN_BOOL_CONVERSION = YES;
				CLANG_WARN_COMMA = YES;
				CLANG_WARN_CONSTANT_CONVERSION = YES;
				CLANG_WARN_DEPRECATED_OBJC_IMPLEMENTATIONS = YES;
				CLANG_WARN_DIRECT_OBJC_ISA_USAGE = YES_ERROR;
				CLANG_WARN_DOCUMENTATION_COMMENTS = YES;
				CLANG_WARN_EMPTY_BODY = YES;
				CLANG_WARN_ENUM_CONVERSION = YES;
				CLANG_WARN_INFINITE_RECURSION = YES;
				CLANG_WARN_INT_CONVERSION = YES;
				CLANG_WARN_NON_LITERAL_NULL_CONVERSION = YES;
				CLANG_WARN_OBJC_IMPLICIT_RETAIN_SELF = YES;
				CLANG_WARN_OBJC_LITERAL_CONVERSION = YES;
				CLANG_WARN_OBJC_ROOT_CLASS = YES_ERROR;
				CLANG_WARN_RANGE_LOOP_ANALYSIS = YES;
				CLANG_WARN_STRICT_PROTOTYPES = YES;
				CLANG_WARN_SUSPICIOUS_MOVE = YES;
				CLANG_WARN_UNGUARDED_AVAILABILITY = YES_AGGRESSIVE;
				CLANG_WARN_UNREACHABLE_CODE = YES;
				CLANG_WARN__DUPLICATE_METHOD_MATCH = YES;
				CODE_SIGN_IDENTITY = "iPhone Developer";
				COPY_PHASE_STRIP = NO;
				DEBUG_INFORMATION_FORMAT = "dwarf-with-dsym";
				ENABLE_NS_ASSERTIONS = NO;
				ENABLE_STRICT_OBJC_MSGSEND = YES;
				GCC_C_LANGUAGE_STANDARD = gnu11;
				GCC_NO_COMMON_BLOCKS = YES;
				GCC_WARN_64_TO_32_BIT_CONVERSION = YES;
				GCC_WARN_ABOUT_RETURN_TYPE = YES_ERROR;
				GCC_WARN_UNDECLARED_SELECTOR = YES;
				GCC_WARN_UNINITIALIZED_AUTOS = YES_AGGRESSIVE;
				GCC_WARN_UNUSED_FUNCTION = YES;
				GCC_WARN_UNUSED_VARIABLE = YES;
				IPHONEOS_DEPLOYMENT_TARGET = 12.0;
				MTL_ENABLE_DEBUG_INFO = NO;
				MTL_FAST_MATH = YES;
				SDKROOT = iphoneos;
				SWIFT_COMPILATION_MODE = wholemodule;
				SWIFT_OPTIMIZATION_LEVEL = "-O";
				VALIDATE_PRODUCT = YES;
			};
			name = Release;
		};
		6E5D2F8F21555D5B002AF833 /* Debug */ = {
			isa = XCBuildConfiguration;
			buildSettings = {
				ASSETCATALOG_COMPILER_APPICON_NAME = AppIcon;
				CODE_SIGN_STYLE = Automatic;
				DEVELOPMENT_TEAM = QPX33GAW49;
				INFOPLIST_FILE = PGSMenu/Info.plist;
				IPHONEOS_DEPLOYMENT_TARGET = 11.4;
				LD_RUNPATH_SEARCH_PATHS = (
					"$(inherited)",
					"@executable_path/Frameworks",
				);
				PRODUCT_BUNDLE_IDENTIFIER = io.pablogs.PGMenu;
				PRODUCT_NAME = "$(TARGET_NAME)";
				SWIFT_VERSION = 4.2;
				TARGETED_DEVICE_FAMILY = 1;
			};
			name = Debug;
		};
		6E5D2F9021555D5B002AF833 /* Release */ = {
			isa = XCBuildConfiguration;
			buildSettings = {
				ASSETCATALOG_COMPILER_APPICON_NAME = AppIcon;
				CODE_SIGN_STYLE = Automatic;
				DEVELOPMENT_TEAM = QPX33GAW49;
				INFOPLIST_FILE = PGSMenu/Info.plist;
				IPHONEOS_DEPLOYMENT_TARGET = 11.4;
				LD_RUNPATH_SEARCH_PATHS = (
					"$(inherited)",
					"@executable_path/Frameworks",
				);
				PRODUCT_BUNDLE_IDENTIFIER = io.pablogs.PGMenu;
				PRODUCT_NAME = "$(TARGET_NAME)";
				SWIFT_VERSION = 4.2;
				TARGETED_DEVICE_FAMILY = 1;
			};
			name = Release;
		};
/* End XCBuildConfiguration section */

/* Begin XCConfigurationList section */
		6E5D2F7721555D59002AF833 /* Build configuration list for PBXProject "PGSMenu" */ = {
			isa = XCConfigurationList;
			buildConfigurations = (
				6E5D2F8C21555D5B002AF833 /* Debug */,
				6E5D2F8D21555D5B002AF833 /* Release */,
			);
			defaultConfigurationIsVisible = 0;
			defaultConfigurationName = Release;
		};
		6E5D2F8E21555D5B002AF833 /* Build configuration list for PBXNativeTarget "PGSMenu" */ = {
			isa = XCConfigurationList;
			buildConfigurations = (
				6E5D2F8F21555D5B002AF833 /* Debug */,
				6E5D2F9021555D5B002AF833 /* Release */,
			);
			defaultConfigurationIsVisible = 0;
			defaultConfigurationName = Release;
		};
/* End XCConfigurationList section */
	};
	rootObject = 6E5D2F7421555D59002AF833 /* Project object */;
}
